
Microsoft Visual Studio Solution File, Format Version 12.00
# Visual Studio 15
VisualStudioVersion = 15.0.27130.0
MinimumVisualStudioVersion = 10.0.40219.1
Project("{FAE04EC0-301F-11D3-BF4B-00C04F79EFBC}") = "WindowsFormsApp11", "WindowsFormsApp11\WindowsFormsApp11.csproj", "{D1ED8633-D94F-4523-BD0E-570ED345B47C}"
EndProject
Global
	GlobalSection(SolutionConfigurationPlatforms) = preSolution
		Debug|Any CPU = Debug|Any CPU
		Release|Any CPU = Release|Any CPU
	EndGlobalSection
	GlobalSection(ProjectConfigurationPlatforms) = postSolution
		{D1ED8633-D94F-4523-BD0E-570ED345B47C}.Debug|Any CPU.ActiveCfg = Debug|Any CPU
		{D1ED8633-D94F-4523-BD0E-570ED345B47C}.Debug|Any CPU.Build.0 = Debug|Any CPU
		{D1ED8633-D94F-4523-BD0E-570ED345B47C}.Release|Any CPU.ActiveCfg = Release|Any CPU
		{D1ED8633-D94F-4523-BD0E-570ED345B47C}.Release|Any CPU.Build.0 = Release|Any CPU
	EndGlobalSection
	GlobalSection(SolutionProperties) = preSolution
		HideSolutionNode = FALSE
	EndGlobalSection
	GlobalSection(ExtensibilityGlobals) = postSolution
		SolutionGuid = {F7284FEF-2CDA-42E4-88B4-492B8FDBD682}
	EndGlobalSection
EndGlobal
